
Microsoft Visual Studio Solution File, Format Version 12.00
# Visual Studio Version 17
VisualStudioVersion = 17.8.34316.72
MinimumVisualStudioVersion = 10.0.40219.1
Project("{9A19103F-16F7-4668-BE54-9A1E7A4F7556}") = "Duende.IdentityServer.Sqlite", "Duende.IdentityServer.Sqlite\Duende.IdentityServer.Sqlite.csproj", "{A7F52EFA-ACBA-423E-BD23-80F2333F8013}"
EndProject
Global
	GlobalSection(SolutionConfigurationPlatforms) = preSolution
		Debug|Any CPU = Debug|Any CPU
		Release|Any CPU = Release|Any CPU
	EndGlobalSection
	GlobalSection(ProjectConfigurationPlatforms) = postSolution
		{A7F52EFA-ACBA-423E-BD23-80F2333F8013}.Debug|Any CPU.ActiveCfg = Debug|Any CPU
		{A7F52EFA-ACBA-423E-BD23-80F2333F8013}.Debug|Any CPU.Build.0 = Debug|Any CPU
		{A7F52EFA-ACBA-423E-BD23-80F2333F8013}.Release|Any CPU.ActiveCfg = Release|Any CPU
		{A7F52EFA-ACBA-423E-BD23-80F2333F8013}.Release|Any CPU.Build.0 = Release|Any CPU
	EndGlobalSection
	GlobalSection(SolutionProperties) = preSolution
		HideSolutionNode = FALSE
	EndGlobalSection
EndGlobal
